PODS:
  - Alamofire (4.8.2)
  - AlamofireImage (3.5.2):
    - Alamofire (~> 4.8)
  - Crashlytics (3.13.1):
    - Fabric (~> 1.10.1)
  - CrossroadRegex (1.1.0)
  - Drift (2.2.9):
    - AlamofireImage (~> 3.0)
    - ObjectMapper (~> 3.0)
    - Starscream
    - SVProgressHUD (~> 2.0)
  - Fabric (1.10.1)
  - Mixpanel-swift (2.6.3):
    - Mixpanel-swift/Complete (= 2.6.3)
  - Mixpanel-swift/Complete (2.6.3)
  - ObjectMapper (3.5.0)
  - Realm (3.16.2):
    - Realm/Headers (= 3.16.2)
  - Realm/Headers (3.16.2)
  - RealmS (4.0.1):
    - ObjectMapper (~> 3.0)
    - RealmSwift (~> 3.0)
  - RealmSwift (3.16.2):
    - Realm (= 3.16.2)
  - Starscream (3.1.0)
  - SVProgressHUD (2.2.5)
  - SwiftRichString (3.0.0)
  - SwiftyAttributes (4.3.0)
  - SwiftyMarkdown (0.6.0)

DEPENDENCIES:
  - Alamofire (~> 4.8.2)
  - Crashlytics
  - CrossroadRegex
  - Drift (~> 2.2.9)
  - Fabric
  - Mixpanel-swift
  - RealmS (~> 4.0.0)
  - SwiftRichString (~> 3.0.0)
  - SwiftyAttributes (~> 4.3.0)
  - SwiftyMarkdown (~> 0.6.0)

SPEC REPOS:
  https://github.com/CocoaPods/Specs.git:
    - Alamofire
    - AlamofireImage
    - Crashlytics
    - CrossroadRegex
    - Drift
    - Fabric
    - Mixpanel-swift
    - ObjectMapper
    - Realm
    - RealmS
    - RealmSwift
    - Starscream
    - SVProgressHUD
    - SwiftRichString
    - SwiftyAttributes
    - SwiftyMarkdown

SPEC CHECKSUMS:
  Alamofire: ae5c501addb7afdbb13687d7f2f722c78734c2d3
  AlamofireImage: 63cfe3baf1370be6c498149687cf6db3e3b00999
  Crashlytics: 5aa8e90dcbf2f34898b4f5a0037787531246cca0
  CrossroadRegex: 5eaadb3f7b4014728f1cbd1014756b126c1dbd9a
  Drift: fa527396a6d52d55d64bd3b6011875f8895b24b9
  Fabric: f6f21452846788bb44595d73e9909d79d328e617
  Mixpanel-swift: b022ad6cc352f916581b4f223f8a1e76d047fbe3
  ObjectMapper: 078b564ed25c6578b62588e306bf1da3924636d4
  Realm: 0e73b4edeb5b6a90da3d83206883b2e34e00eb38
  RealmS: a5ce0e34359676b6d52778dab92c4e36b779bbd9
  RealmSwift: a81e650171ef0a5f999df1ed8d39ba8d6fce88a4
  Starscream: 08172b481e145289c4930cb567230fb55897cfa4
  SVProgressHUD: 1428aafac632c1f86f62aa4243ec12008d7a51d6
  SwiftRichString: 5cb4860df3dc8e4d9087d7b948b210177342c3da
  SwiftyAttributes: debe9898c1160b4fe14d1c69962d78aaca95fd88
  SwiftyMarkdown: 698fe6b283dddac69747f4e08ed0d067c18e0356

PODFILE CHECKSUM: f2c9a3ecf8880c591280841d6319662bf901d47a

COCOAPODS: 1.5.0
