// !$*UTF8*$!
{
	archiveVersion = 1;
	classes = {
	};
	objectVersion = 50;
	objects = {

/* Begin PBXBuildFile section */
		0D07C5BF2285CB1F002C85C2 /* GoogleService-Info.plist in Resources */ = {isa = PBXBuildFile; fileRef = 0D07C5BE2285CB1F002C85C2 /* GoogleService-Info.plist */; };
		0D20A0E820ACB592008556C8 /* SwiftiCloudTest.swift in Sources */ = {isa = PBXBuildFile; fileRef = 0D20A0E720ACB592008556C8 /* SwiftiCloudTest.swift */; };
		0D37DE02209568E7006EBFBF /* String.swift in Sources */ = {isa = PBXBuildFile; fileRef = 0D37DE01209568E7006EBFBF /* String.swift */; };
		0D37DE0C20960C02006EBFBF /* Tiempo-Bold.ttf in Resources */ = {isa = PBXBuildFile; fileRef = 0D37DE0820960C01006EBFBF /* Tiempo-Bold.ttf */; };
		0D37DE0D20960C02006EBFBF /* Tiempo-Bold-Italic.ttf in Resources */ = {isa = PBXBuildFile; fileRef = 0D37DE0920960C01006EBFBF /* Tiempo-Bold-Italic.ttf */; };
		0D37DE0E20960C02006EBFBF /* Tiempo-Italic.ttf in Resources */ = {isa = PBXBuildFile; fileRef = 0D37DE0A20960C02006EBFBF /* Tiempo-Italic.ttf */; };
		0D37DE0F20960C02006EBFBF /* Tiempo-Regular.ttf in Resources */ = {isa = PBXBuildFile; fileRef = 0D37DE0B20960C02006EBFBF /* Tiempo-Regular.ttf */; };
		0DA571922281FA3C007FC84C /* FolioReaderFont.swift in Sources */ = {isa = PBXBuildFile; fileRef = 0DA571912281FA3C007FC84C /* FolioReaderFont.swift */; };
		0DA571942281FAC8007FC84C /* Extensions.swift in Sources */ = {isa = PBXBuildFile; fileRef = 0DA571932281FAC8007FC84C /* Extensions.swift */; };
		0DA571962281FB04007FC84C /* FolioReaderConfig.swift in Sources */ = {isa = PBXBuildFile; fileRef = 0DA571952281FB04007FC84C /* FolioReaderConfig.swift */; };
		0DA5719822821E2A007FC84C /* FolioReaderKit.swift in Sources */ = {isa = PBXBuildFile; fileRef = 0DA5719722821E2A007FC84C /* FolioReaderKit.swift */; };
		0DA5719A22822215007FC84C /* QuoteImage.swift in Sources */ = {isa = PBXBuildFile; fileRef = 0DA5719922822215007FC84C /* QuoteImage.swift */; };
		0DA5719C228228AF007FC84C /* PdfParser.swift in Sources */ = {isa = PBXBuildFile; fileRef = 0DA5719B228228AF007FC84C /* PdfParser.swift */; };
		0DBF7F852097FA3B00030F84 /* TopBarNav.xib in Resources */ = {isa = PBXBuildFile; fileRef = 0DBF7F842097FA3B00030F84 /* TopBarNav.xib */; };
		0DBF7F892097FE5E00030F84 /* CustomView.swift in Sources */ = {isa = PBXBuildFile; fileRef = 0DBF7F882097FE5E00030F84 /* CustomView.swift */; };
		0DBF7F8B2098017600030F84 /* TopBarNav.swift in Sources */ = {isa = PBXBuildFile; fileRef = 0DBF7F8A2098017600030F84 /* TopBarNav.swift */; };
		0DC0B1C22091826B008071CE /* DBManager.swift in Sources */ = {isa = PBXBuildFile; fileRef = 0DC0B1C12091826B008071CE /* DBManager.swift */; };
		0DC0B1C420919884008071CE /* Object.swift in Sources */ = {isa = PBXBuildFile; fileRef = 0DC0B1C320919884008071CE /* Object.swift */; };
		0DC0B1C620919AB2008071CE /* Parser.swift in Sources */ = {isa = PBXBuildFile; fileRef = 0DC0B1C520919AB2008071CE /* Parser.swift */; };
		0DC0B1C820919C97008071CE /* DecodableItem.swift in Sources */ = {isa = PBXBuildFile; fileRef = 0DC0B1C720919C97008071CE /* DecodableItem.swift */; };
		0DC6B2CA208D4F0E002D536D /* Constants.swift in Sources */ = {isa = PBXBuildFile; fileRef = 0DC6B2C9208D4F0E002D536D /* Constants.swift */; };
		0DC8472420B0B4FB001445B9 /* Toast.swift in Sources */ = {isa = PBXBuildFile; fileRef = 0DC8472320B0B4FB001445B9 /* Toast.swift */; };
		0DCA811022230F3F00BBFCB9 /* LoginVC.swift in Sources */ = {isa = PBXBuildFile; fileRef = 0DCA810F22230F3F00BBFCB9 /* LoginVC.swift */; };
		0DCA81122223107000BBFCB9 /* SignUpVC.swift in Sources */ = {isa = PBXBuildFile; fileRef = 0DCA81112223107000BBFCB9 /* SignUpVC.swift */; };
		0DCA811422234EA000BBFCB9 /* OnboardingVC.swift in Sources */ = {isa = PBXBuildFile; fileRef = 0DCA811322234EA000BBFCB9 /* OnboardingVC.swift */; };
		0DCA811622234F6C00BBFCB9 /* Slide.swift in Sources */ = {isa = PBXBuildFile; fileRef = 0DCA811522234F6C00BBFCB9 /* Slide.swift */; };
		0DCA811822234F8900BBFCB9 /* Slide.xib in Resources */ = {isa = PBXBuildFile; fileRef = 0DCA811722234F8900BBFCB9 /* Slide.xib */; };
		0DD4FB8920917B3C00402CA3 /* BookCollectionAdapter.swift in Sources */ = {isa = PBXBuildFile; fileRef = 0DD4FB8820917B3C00402CA3 /* BookCollectionAdapter.swift */; };
		0DD4FB8C20917B7700402CA3 /* Book.swift in Sources */ = {isa = PBXBuildFile; fileRef = 0DD4FB8B20917B7700402CA3 /* Book.swift */; };
		0DD4FB8F20917C8000402CA3 /* BookCollectionViewCell.swift in Sources */ = {isa = PBXBuildFile; fileRef = 0DD4FB8D20917C8000402CA3 /* BookCollectionViewCell.swift */; };
		0DD4FB9020917C8000402CA3 /* BookCollectionViewCell.xib in Resources */ = {isa = PBXBuildFile; fileRef = 0DD4FB8E20917C8000402CA3 /* BookCollectionViewCell.xib */; };
		0DD5E92F208D4BE2009FD06B /* AppDelegate.swift in Sources */ = {isa = PBXBuildFile; fileRef = 0DD5E92E208D4BE2009FD06B /* AppDelegate.swift */; };
		0DD5E931208D4BE2009FD06B /* ParserVC.swift in Sources */ = {isa = PBXBuildFile; fileRef = 0DD5E930208D4BE2009FD06B /* ParserVC.swift */; };
		0DD5E934208D4BE2009FD06B /* Main.storyboard in Resources */ = {isa = PBXBuildFile; fileRef = 0DD5E932208D4BE2009FD06B /* Main.storyboard */; };
		0DD5E936208D4BE3009FD06B /* Assets.xcassets in Resources */ = {isa = PBXBuildFile; fileRef = 0DD5E935208D4BE3009FD06B /* Assets.xcassets */; };
		0DD5E939208D4BE3009FD06B /* LaunchScreen.storyboard in Resources */ = {isa = PBXBuildFile; fileRef = 0DD5E937208D4BE3009FD06B /* LaunchScreen.storyboard */; };
		0DD5E944208D4BE4009FD06B /* WissenTests.swift in Sources */ = {isa = PBXBuildFile; fileRef = 0DD5E943208D4BE4009FD06B /* WissenTests.swift */; };
		0DD5E94F208D4BE4009FD06B /* WissenUITests.swift in Sources */ = {isa = PBXBuildFile; fileRef = 0DD5E94E208D4BE4009FD06B /* WissenUITests.swift */; };
		0DD5E95D208D4C1B009FD06B /* ConverterService.swift in Sources */ = {isa = PBXBuildFile; fileRef = 0DD5E95C208D4C1B009FD06B /* ConverterService.swift */; };
		0DDD4BBA20CF096C00E2E3C6 /* Encoder.swift in Sources */ = {isa = PBXBuildFile; fileRef = 0DDD4BB920CF096C00E2E3C6 /* Encoder.swift */; };
		0DEB2C3C208EB74D00031C91 /* BaseVC.swift in Sources */ = {isa = PBXBuildFile; fileRef = 0DEB2C3B208EB74D00031C91 /* BaseVC.swift */; };
		0DEB2C3E208EB7C100031C91 /* AppCoordinator.swift in Sources */ = {isa = PBXBuildFile; fileRef = 0DEB2C3D208EB7C100031C91 /* AppCoordinator.swift */; };
		0DEB2C41208EB85400031C91 /* AppCoordinatorProtocol.swift in Sources */ = {isa = PBXBuildFile; fileRef = 0DEB2C40208EB85400031C91 /* AppCoordinatorProtocol.swift */; };
		0DEB2C43208EB88B00031C91 /* Coordinator.swift in Sources */ = {isa = PBXBuildFile; fileRef = 0DEB2C42208EB88B00031C91 /* Coordinator.swift */; };
		0DEB2C45208EB91400031C91 /* AuthCoordinatorProtocol.swift in Sources */ = {isa = PBXBuildFile; fileRef = 0DEB2C44208EB91400031C91 /* AuthCoordinatorProtocol.swift */; };
		0DEB2C47208EBA1100031C91 /* BaseViewModel.swift in Sources */ = {isa = PBXBuildFile; fileRef = 0DEB2C46208EBA1100031C91 /* BaseViewModel.swift */; };
		0DEB2C49208EBC1E00031C91 /* HomeViewModel.swift in Sources */ = {isa = PBXBuildFile; fileRef = 0DEB2C48208EBC1E00031C91 /* HomeViewModel.swift */; };
		0DEB2C4B208EBF3A00031C91 /* ParserViewModel.swift in Sources */ = {isa = PBXBuildFile; fileRef = 0DEB2C4A208EBF3A00031C91 /* ParserViewModel.swift */; };
		0DEB2C4D208EC72B00031C91 /* BaseService.swift in Sources */ = {isa = PBXBuildFile; fileRef = 0DEB2C4C208EC72B00031C91 /* BaseService.swift */; };
		0DF76F78208D5F9D00E869AD /* Font.swift in Sources */ = {isa = PBXBuildFile; fileRef = 0DF76F77208D5F9D00E869AD /* Font.swift */; };
		0DF76F7A208D948B00E869AD /* SearchVC.swift in Sources */ = {isa = PBXBuildFile; fileRef = 0DF76F79208D948B00E869AD /* SearchVC.swift */; };
		1A3FF4825D6CE33FF01694BD /* Pods_Wissen.framework in Frameworks */ = {isa = PBXBuildFile; fileRef = 12CF86CE07F2CD1DA432C816 /* Pods_Wissen.framework */; };
/* End PBXBuildFile section */

/* Begin PBXContainerItemProxy section */
		0DD5E940208D4BE4009FD06B /* PBXContainerItemProxy */ = {
			isa = PBXContainerItemProxy;
			containerPortal = 0DD5E923208D4BE2009FD06B /* Project object */;
			proxyType = 1;
			remoteGlobalIDString = 0DD5E92A208D4BE2009FD06B;
			remoteInfo = Wissen;
		};
		0DD5E94B208D4BE4009FD06B /* PBXContainerItemProxy */ = {
			isa = PBXContainerItemProxy;
			containerPortal = 0DD5E923208D4BE2009FD06B /* Project object */;
			proxyType = 1;
			remoteGlobalIDString = 0DD5E92A208D4BE2009FD06B;
			remoteInfo = Wissen;
		};
/* End PBXContainerItemProxy section */

/* Begin PBXFileReference section */
		0D06B59820ABE76600D77955 /* Wissen.entitlements */ = {isa = PBXFileReference; lastKnownFileType = text.plist.entitlements; path = Wissen.entitlements; sourceTree = "<group>"; };
		0D07C5BE2285CB1F002C85C2 /* GoogleService-Info.plist */ = {isa = PBXFileReference; fileEncoding = 4; lastKnownFileType = text.plist.xml; path = "GoogleService-Info.plist"; sourceTree = "<group>"; };
		0D20A0E720ACB592008556C8 /* SwiftiCloudTest.swift */ = {isa = PBXFileReference; lastKnownFileType = sourcecode.swift; path = SwiftiCloudTest.swift; sourceTree = "<group>"; };
		0D363D9A226ECBF6009B3959 /* es */ = {isa = PBXFileReference; lastKnownFileType = text.plist.strings; name = es; path = es.lproj/Main.strings; sourceTree = "<group>"; };
		0D363D9B226ECBF6009B3959 /* es */ = {isa = PBXFileReference; lastKnownFileType = text.plist.strings; name = es; path = es.lproj/LaunchScreen.strings; sourceTree = "<group>"; };
		0D37DE01209568E7006EBFBF /* String.swift */ = {isa = PBXFileReference; lastKnownFileType = sourcecode.swift; path = String.swift; sourceTree = "<group>"; };
		0D37DE0820960C01006EBFBF /* Tiempo-Bold.ttf */ = {isa = PBXFileReference; lastKnownFileType = file; path = "Tiempo-Bold.ttf"; sourceTree = "<group>"; };
		0D37DE0920960C01006EBFBF /* Tiempo-Bold-Italic.ttf */ = {isa = PBXFileReference; lastKnownFileType = file; path = "Tiempo-Bold-Italic.ttf"; sourceTree = "<group>"; };
		0D37DE0A20960C02006EBFBF /* Tiempo-Italic.ttf */ = {isa = PBXFileReference; lastKnownFileType = file; path = "Tiempo-Italic.ttf"; sourceTree = "<group>"; };
		0D37DE0B20960C02006EBFBF /* Tiempo-Regular.ttf */ = {isa = PBXFileReference; lastKnownFileType = file; path = "Tiempo-Regular.ttf"; sourceTree = "<group>"; };
		0DA571912281FA3C007FC84C /* FolioReaderFont.swift */ = {isa = PBXFileReference; lastKnownFileType = sourcecode.swift; path = FolioReaderFont.swift; sourceTree = "<group>"; };
		0DA571932281FAC8007FC84C /* Extensions.swift */ = {isa = PBXFileReference; lastKnownFileType = sourcecode.swift; path = Extensions.swift; sourceTree = "<group>"; };
		0DA571952281FB04007FC84C /* FolioReaderConfig.swift */ = {isa = PBXFileReference; lastKnownFileType = sourcecode.swift; path = FolioReaderConfig.swift; sourceTree = "<group>"; };
		0DA5719722821E2A007FC84C /* FolioReaderKit.swift */ = {isa = PBXFileReference; lastKnownFileType = sourcecode.swift; path = FolioReaderKit.swift; sourceTree = "<group>"; };
		0DA5719922822215007FC84C /* QuoteImage.swift */ = {isa = PBXFileReference; lastKnownFileType = sourcecode.swift; path = QuoteImage.swift; sourceTree = "<group>"; };
		0DA5719B228228AF007FC84C /* PdfParser.swift */ = {isa = PBXFileReference; lastKnownFileType = sourcecode.swift; path = PdfParser.swift; sourceTree = "<group>"; };
		0DBF7F842097FA3B00030F84 /* TopBarNav.xib */ = {isa = PBXFileReference; lastKnownFileType = file.xib; path = TopBarNav.xib; sourceTree = "<group>"; };
		0DBF7F882097FE5E00030F84 /* CustomView.swift */ = {isa = PBXFileReference; lastKnownFileType = sourcecode.swift; path = CustomView.swift; sourceTree = "<group>"; };
		0DBF7F8A2098017600030F84 /* TopBarNav.swift */ = {isa = PBXFileReference; lastKnownFileType = sourcecode.swift; path = TopBarNav.swift; sourceTree = "<group>"; };
		0DC0B1C12091826B008071CE /* DBManager.swift */ = {isa = PBXFileReference; lastKnownFileType = sourcecode.swift; path = DBManager.swift; sourceTree = "<group>"; };
		0DC0B1C320919884008071CE /* Object.swift */ = {isa = PBXFileReference; lastKnownFileType = sourcecode.swift; path = Object.swift; sourceTree = "<group>"; };
		0DC0B1C520919AB2008071CE /* Parser.swift */ = {isa = PBXFileReference; lastKnownFileType = sourcecode.swift; path = Parser.swift; sourceTree = "<group>"; };
		0DC0B1C720919C97008071CE /* DecodableItem.swift */ = {isa = PBXFileReference; lastKnownFileType = sourcecode.swift; path = DecodableItem.swift; sourceTree = "<group>"; };
		0DC6B2C9208D4F0E002D536D /* Constants.swift */ = {isa = PBXFileReference; lastKnownFileType = sourcecode.swift; path = Constants.swift; sourceTree = "<group>"; };
		0DC8472320B0B4FB001445B9 /* Toast.swift */ = {isa = PBXFileReference; lastKnownFileType = sourcecode.swift; path = Toast.swift; sourceTree = "<group>"; };
		0DCA810F22230F3F00BBFCB9 /* LoginVC.swift */ = {isa = PBXFileReference; lastKnownFileType = sourcecode.swift; path = LoginVC.swift; sourceTree = "<group>"; };
		0DCA81112223107000BBFCB9 /* SignUpVC.swift */ = {isa = PBXFileReference; lastKnownFileType = sourcecode.swift; path = SignUpVC.swift; sourceTree = "<group>"; };
		0DCA811322234EA000BBFCB9 /* OnboardingVC.swift */ = {isa = PBXFileReference; lastKnownFileType = sourcecode.swift; path = OnboardingVC.swift; sourceTree = "<group>"; };
		0DCA811522234F6C00BBFCB9 /* Slide.swift */ = {isa = PBXFileReference; lastKnownFileType = sourcecode.swift; path = Slide.swift; sourceTree = "<group>"; };
		0DCA811722234F8900BBFCB9 /* Slide.xib */ = {isa = PBXFileReference; lastKnownFileType = file.xib; path = Slide.xib; sourceTree = "<group>"; };
		0DD4FB8820917B3C00402CA3 /* BookCollectionAdapter.swift */ = {isa = PBXFileReference; lastKnownFileType = sourcecode.swift; path = BookCollectionAdapter.swift; sourceTree = "<group>"; };
		0DD4FB8B20917B7700402CA3 /* Book.swift */ = {isa = PBXFileReference; lastKnownFileType = sourcecode.swift; path = Book.swift; sourceTree = "<group>"; };
		0DD4FB8D20917C8000402CA3 /* BookCollectionViewCell.swift */ = {isa = PBXFileReference; lastKnownFileType = sourcecode.swift; path = BookCollectionViewCell.swift; sourceTree = "<group>"; };
		0DD4FB8E20917C8000402CA3 /* BookCollectionViewCell.xib */ = {isa = PBXFileReference; lastKnownFileType = file.xib; path = BookCollectionViewCell.xib; sourceTree = "<group>"; };
		0DD5E92B208D4BE2009FD06B /* Wissen.app */ = {isa = PBXFileReference; explicitFileType = wrapper.application; includeInIndex = 0; path = Wissen.app; sourceTree = BUILT_PRODUCTS_DIR; };
		0DD5E92E208D4BE2009FD06B /* AppDelegate.swift */ = {isa = PBXFileReference; lastKnownFileType = sourcecode.swift; path = AppDelegate.swift; sourceTree = "<group>"; };
		0DD5E930208D4BE2009FD06B /* ParserVC.swift */ = {isa = PBXFileReference; lastKnownFileType = sourcecode.swift; path = ParserVC.swift; sourceTree = "<group>"; };
		0DD5E933208D4BE2009FD06B /* Base */ = {isa = PBXFileReference; lastKnownFileType = file.storyboard; name = Base; path = Base.lproj/Main.storyboard; sourceTree = "<group>"; };
		0DD5E935208D4BE3009FD06B /* Assets.xcassets */ = {isa = PBXFileReference; lastKnownFileType = folder.assetcatalog; path = Assets.xcassets; sourceTree = "<group>"; };
		0DD5E938208D4BE3009FD06B /* Base */ = {isa = PBXFileReference; lastKnownFileType = file.storyboard; name = Base; path = Base.lproj/LaunchScreen.storyboard; sourceTree = "<group>"; };
		0DD5E93A208D4BE3009FD06B /* Info.plist */ = {isa = PBXFileReference; lastKnownFileType = text.plist.xml; path = Info.plist; sourceTree = "<group>"; };
		0DD5E93F208D4BE4009FD06B /* WissenTests.xctest */ = {isa = PBXFileReference; explicitFileType = wrapper.cfbundle; includeInIndex = 0; path = WissenTests.xctest; sourceTree = BUILT_PRODUCTS_DIR; };
		0DD5E943208D4BE4009FD06B /* WissenTests.swift */ = {isa = PBXFileReference; lastKnownFileType = sourcecode.swift; path = WissenTests.swift; sourceTree = "<group>"; };
		0DD5E945208D4BE4009FD06B /* Info.plist */ = {isa = PBXFileReference; lastKnownFileType = text.plist.xml; path = Info.plist; sourceTree = "<group>"; };
		0DD5E94A208D4BE4009FD06B /* WissenUITests.xctest */ = {isa = PBXFileReference; explicitFileType = wrapper.cfbundle; includeInIndex = 0; path = WissenUITests.xctest; sourceTree = BUILT_PRODUCTS_DIR; };
		0DD5E94E208D4BE4009FD06B /* WissenUITests.swift */ = {isa = PBXFileReference; lastKnownFileType = sourcecode.swift; path = WissenUITests.swift; sourceTree = "<group>"; };
		0DD5E950208D4BE4009FD06B /* Info.plist */ = {isa = PBXFileReference; lastKnownFileType = text.plist.xml; path = Info.plist; sourceTree = "<group>"; };
		0DD5E95C208D4C1B009FD06B /* ConverterService.swift */ = {isa = PBXFileReference; lastKnownFileType = sourcecode.swift; path = ConverterService.swift; sourceTree = "<group>"; };
		0DDD4BB920CF096C00E2E3C6 /* Encoder.swift */ = {isa = PBXFileReference; lastKnownFileType = sourcecode.swift; path = Encoder.swift; sourceTree = "<group>"; };
		0DEB2C3B208EB74D00031C91 /* BaseVC.swift */ = {isa = PBXFileReference; lastKnownFileType = sourcecode.swift; path = BaseVC.swift; sourceTree = "<group>"; };
		0DEB2C3D208EB7C100031C91 /* AppCoordinator.swift */ = {isa = PBXFileReference; lastKnownFileType = sourcecode.swift; path = AppCoordinator.swift; sourceTree = "<group>"; };
		0DEB2C40208EB85400031C91 /* AppCoordinatorProtocol.swift */ = {isa = PBXFileReference; lastKnownFileType = sourcecode.swift; path = AppCoordinatorProtocol.swift; sourceTree = "<group>"; };
		0DEB2C42208EB88B00031C91 /* Coordinator.swift */ = {isa = PBXFileReference; lastKnownFileType = sourcecode.swift; path = Coordinator.swift; sourceTree = "<group>"; };
		0DEB2C44208EB91400031C91 /* AuthCoordinatorProtocol.swift */ = {isa = PBXFileReference; lastKnownFileType = sourcecode.swift; path = AuthCoordinatorProtocol.swift; sourceTree = "<group>"; };
		0DEB2C46208EBA1100031C91 /* BaseViewModel.swift */ = {isa = PBXFileReference; lastKnownFileType = sourcecode.swift; path = BaseViewModel.swift; sourceTree = "<group>"; };
		0DEB2C48208EBC1E00031C91 /* HomeViewModel.swift */ = {isa = PBXFileReference; lastKnownFileType = sourcecode.swift; path = HomeViewModel.swift; sourceTree = "<group>"; };
		0DEB2C4A208EBF3A00031C91 /* ParserViewModel.swift */ = {isa = PBXFileReference; lastKnownFileType = sourcecode.swift; path = ParserViewModel.swift; sourceTree = "<group>"; };
		0DEB2C4C208EC72B00031C91 /* BaseService.swift */ = {isa = PBXFileReference; lastKnownFileType = sourcecode.swift; path = BaseService.swift; sourceTree = "<group>"; };
		0DF76F77208D5F9D00E869AD /* Font.swift */ = {isa = PBXFileReference; lastKnownFileType = sourcecode.swift; path = Font.swift; sourceTree = "<group>"; };
		0DF76F79208D948B00E869AD /* SearchVC.swift */ = {isa = PBXFileReference; lastKnownFileType = sourcecode.swift; path = SearchVC.swift; sourceTree = "<group>"; };
		12CF86CE07F2CD1DA432C816 /* Pods_Wissen.framework */ = {isa = PBXFileReference; explicitFileType = wrapper.framework; includeInIndex = 0; path = Pods_Wissen.framework; sourceTree = BUILT_PRODUCTS_DIR; };
		4A341A5975C18AED6474C0D2 /* Pods-Wissen.release.xcconfig */ = {isa = PBXFileReference; includeInIndex = 1; lastKnownFileType = text.xcconfig; name = "Pods-Wissen.release.xcconfig"; path = "Pods/Target Support Files/Pods-Wissen/Pods-Wissen.release.xcconfig"; sourceTree = "<group>"; };
		F3F7F8BC3CC73E1AA14B60AB /* Pods-Wissen.debug.xcconfig */ = {isa = PBXFileReference; includeInIndex = 1; lastKnownFileType = text.xcconfig; name = "Pods-Wissen.debug.xcconfig"; path = "Pods/Target Support Files/Pods-Wissen/Pods-Wissen.debug.xcconfig"; sourceTree = "<group>"; };
/* End PBXFileReference section */

/* Begin PBXFrameworksBuildPhase section */
		0DD5E928208D4BE2009FD06B /* Frameworks */ = {
			isa = PBXFrameworksBuildPhase;
			buildActionMask = 2147483647;
			files = (
				1A3FF4825D6CE33FF01694BD /* Pods_Wissen.framework in Frameworks */,
			);
			runOnlyForDeploymentPostprocessing = 0;
		};
		0DD5E93C208D4BE4009FD06B /* Frameworks */ = {
			isa = PBXFrameworksBuildPhase;
			buildActionMask = 2147483647;
			files = (
			);
			runOnlyForDeploymentPostprocessing = 0;
		};
		0DD5E947208D4BE4009FD06B /* Frameworks */ = {
			isa = PBXFrameworksBuildPhase;
			buildActionMask = 2147483647;
			files = (
			);
			runOnlyForDeploymentPostprocessing = 0;
		};
/* End PBXFrameworksBuildPhase section */

/* Begin PBXGroup section */
		0D37DE0720960BB4006EBFBF /* fonts */ = {
			isa = PBXGroup;
			children = (
				0D37DE1020960C16006EBFBF /* Tiempo */,
			);
			path = fonts;
			sourceTree = "<group>";
		};
		0D37DE1020960C16006EBFBF /* Tiempo */ = {
			isa = PBXGroup;
			children = (
				0D37DE0B20960C02006EBFBF /* Tiempo-Regular.ttf */,
				0D37DE0A20960C02006EBFBF /* Tiempo-Italic.ttf */,
				0D37DE0820960C01006EBFBF /* Tiempo-Bold.ttf */,
				0D37DE0920960C01006EBFBF /* Tiempo-Bold-Italic.ttf */,
			);
			path = Tiempo;
			sourceTree = "<group>";
		};
		0DCA811922234F9900BBFCB9 /* Slide */ = {
			isa = PBXGroup;
			children = (
				0DCA811522234F6C00BBFCB9 /* Slide.swift */,
				0DCA811722234F8900BBFCB9 /* Slide.xib */,
			);
			path = Slide;
			sourceTree = "<group>";
		};
		0DD4FB8620917A5D00402CA3 /* Views */ = {
			isa = PBXGroup;
			children = (
				0DD5E932208D4BE2009FD06B /* Main.storyboard */,
				0DD5E937208D4BE3009FD06B /* LaunchScreen.storyboard */,
				0DBF7F882097FE5E00030F84 /* CustomView.swift */,
				0DA5719922822215007FC84C /* QuoteImage.swift */,
				0DCA811922234F9900BBFCB9 /* Slide */,
				0D37DE0720960BB4006EBFBF /* fonts */,
				0DD4FB8D20917C8000402CA3 /* BookCollectionViewCell.swift */,
				0DD4FB8E20917C8000402CA3 /* BookCollectionViewCell.xib */,
				0DEC87BB2098E25B00B1737F /* TopBarNav */,
			);
			path = Views;
			sourceTree = "<group>";
		};
		0DD4FB8720917A7C00402CA3 /* Adapter */ = {
			isa = PBXGroup;
			children = (
				0DD4FB8820917B3C00402CA3 /* BookCollectionAdapter.swift */,
			);
			path = Adapter;
			sourceTree = "<group>";
		};
		0DD4FB8A20917B6800402CA3 /* Model */ = {
			isa = PBXGroup;
			children = (
				0DD4FB8B20917B7700402CA3 /* Book.swift */,
				0DC0B1C720919C97008071CE /* DecodableItem.swift */,
			);
			path = Model;
			sourceTree = "<group>";
		};
		0DD5E922208D4BE2009FD06B = {
			isa = PBXGroup;
			children = (
				0DD5E92D208D4BE2009FD06B /* Wissen */,
				0DD5E942208D4BE4009FD06B /* WissenTests */,
				0DD5E94D208D4BE4009FD06B /* WissenUITests */,
				0DD5E92C208D4BE2009FD06B /* Products */,
				B5E97062048CFCA7386969A1 /* Pods */,
				E308DEADA970E17D6F5AB38C /* Frameworks */,
			);
			sourceTree = "<group>";
		};
		0DD5E92C208D4BE2009FD06B /* Products */ = {
			isa = PBXGroup;
			children = (
				0DD5E92B208D4BE2009FD06B /* Wissen.app */,
				0DD5E93F208D4BE4009FD06B /* WissenTests.xctest */,
				0DD5E94A208D4BE4009FD06B /* WissenUITests.xctest */,
			);
			name = Products;
			sourceTree = "<group>";
		};
		0DD5E92D208D4BE2009FD06B /* Wissen */ = {
			isa = PBXGroup;
			children = (
				0D06B59820ABE76600D77955 /* Wissen.entitlements */,
				0DD5E935208D4BE3009FD06B /* Assets.xcassets */,
				0DC6B2C9208D4F0E002D536D /* Constants.swift */,
				0DD5E92E208D4BE2009FD06B /* AppDelegate.swift */,
				0DA571932281FAC8007FC84C /* Extensions.swift */,
				0DA571912281FA3C007FC84C /* FolioReaderFont.swift */,
				0DA571952281FB04007FC84C /* FolioReaderConfig.swift */,
				0DA5719722821E2A007FC84C /* FolioReaderKit.swift */,
				0DD5E93A208D4BE3009FD06B /* Info.plist */,
				0D07C5BE2285CB1F002C85C2 /* GoogleService-Info.plist */,
				0DEB2C3F208EB84500031C91 /* Coordinator */,
				0DD4FB8720917A7C00402CA3 /* Adapter */,
				0DD4FB8A20917B6800402CA3 /* Model */,
				0DEB2C37208EB46F00031C91 /* Service */,
				0DEB2C39208EB4B400031C91 /* ViewModel */,
				0DEB2C38208EB48E00031C91 /* ViewController */,
				0DEB2C3A208EB6D000031C91 /* Helpers */,
				0DD4FB8620917A5D00402CA3 /* Views */,
			);
			path = Wissen;
			sourceTree = "<group>";
		};
		0DD5E942208D4BE4009FD06B /* WissenTests */ = {
			isa = PBXGroup;
			children = (
				0DD5E943208D4BE4009FD06B /* WissenTests.swift */,
				0DD5E945208D4BE4009FD06B /* Info.plist */,
			);
			path = WissenTests;
			sourceTree = "<group>";
		};
		0DD5E94D208D4BE4009FD06B /* WissenUITests */ = {
			isa = PBXGroup;
			children = (
				0DD5E94E208D4BE4009FD06B /* WissenUITests.swift */,
				0DD5E950208D4BE4009FD06B /* Info.plist */,
			);
			path = WissenUITests;
			sourceTree = "<group>";
		};
		0DEB2C37208EB46F00031C91 /* Service */ = {
			isa = PBXGroup;
			children = (
				0DEB2C4C208EC72B00031C91 /* BaseService.swift */,
				0DC0B1C12091826B008071CE /* DBManager.swift */,
				0DD5E95C208D4C1B009FD06B /* ConverterService.swift */,
			);
			path = Service;
			sourceTree = "<group>";
		};
		0DEB2C38208EB48E00031C91 /* ViewController */ = {
			isa = PBXGroup;
			children = (
				0DCA810F22230F3F00BBFCB9 /* LoginVC.swift */,
				0DEB2C3B208EB74D00031C91 /* BaseVC.swift */,
				0DF76F79208D948B00E869AD /* SearchVC.swift */,
				0DD5E930208D4BE2009FD06B /* ParserVC.swift */,
				0DCA81112223107000BBFCB9 /* SignUpVC.swift */,
				0DCA811322234EA000BBFCB9 /* OnboardingVC.swift */,
			);
			path = ViewController;
			sourceTree = "<group>";
		};
		0DEB2C39208EB4B400031C91 /* ViewModel */ = {
			isa = PBXGroup;
			children = (
				0DEB2C46208EBA1100031C91 /* BaseViewModel.swift */,
				0DEB2C48208EBC1E00031C91 /* HomeViewModel.swift */,
				0DEB2C4A208EBF3A00031C91 /* ParserViewModel.swift */,
			);
			path = ViewModel;
			sourceTree = "<group>";
		};
		0DEB2C3A208EB6D000031C91 /* Helpers */ = {
			isa = PBXGroup;
			children = (
				0DF76F77208D5F9D00E869AD /* Font.swift */,
				0DC0B1C320919884008071CE /* Object.swift */,
				0DC0B1C520919AB2008071CE /* Parser.swift */,
				0D37DE01209568E7006EBFBF /* String.swift */,
				0D20A0E720ACB592008556C8 /* SwiftiCloudTest.swift */,
				0DC8472320B0B4FB001445B9 /* Toast.swift */,
				0DDD4BB920CF096C00E2E3C6 /* Encoder.swift */,
				0DA5719B228228AF007FC84C /* PdfParser.swift */,
			);
			path = Helpers;
			sourceTree = "<group>";
		};
		0DEB2C3F208EB84500031C91 /* Coordinator */ = {
			isa = PBXGroup;
			children = (
				0DEB2C42208EB88B00031C91 /* Coordinator.swift */,
				0DEB2C3D208EB7C100031C91 /* AppCoordinator.swift */,
				0DEB2C40208EB85400031C91 /* AppCoordinatorProtocol.swift */,
				0DEB2C44208EB91400031C91 /* AuthCoordinatorProtocol.swift */,
			);
			path = Coordinator;
			sourceTree = "<group>";
		};
		0DEC87BB2098E25B00B1737F /* TopBarNav */ = {
			isa = PBXGroup;
			children = (
				0DBF7F8A2098017600030F84 /* TopBarNav.swift */,
				0DBF7F842097FA3B00030F84 /* TopBarNav.xib */,
			);
			name = TopBarNav;
			sourceTree = "<group>";
		};
		B5E97062048CFCA7386969A1 /* Pods */ = {
			isa = PBXGroup;
			children = (
				F3F7F8BC3CC73E1AA14B60AB /* Pods-Wissen.debug.xcconfig */,
				4A341A5975C18AED6474C0D2 /* Pods-Wissen.release.xcconfig */,
			);
			name = Pods;
			sourceTree = "<group>";
		};
		E308DEADA970E17D6F5AB38C /* Frameworks */ = {
			isa = PBXGroup;
			children = (
				12CF86CE07F2CD1DA432C816 /* Pods_Wissen.framework */,
			);
			name = Frameworks;
			sourceTree = "<group>";
		};
/* End PBXGroup section */

/* Begin PBXNativeTarget section */
		0DD5E92A208D4BE2009FD06B /* Wissen */ = {
			isa = PBXNativeTarget;
			buildConfigurationList = 0DD5E953208D4BE4009FD06B /* Build configuration list for PBXNativeTarget "Wissen" */;
			buildPhases = (
				E2CB45982DD6F9A9272860EA /* [CP] Check Pods Manifest.lock */,
				0DD5E927208D4BE2009FD06B /* Sources */,
				0DD5E928208D4BE2009FD06B /* Frameworks */,
				0DD5E929208D4BE2009FD06B /* Resources */,
				0D628AA520D2EA040095C198 /* ShellScript */,
				864793B2382F541265036B0F /* [CP] Embed Pods Frameworks */,
			);
			buildRules = (
			);
			dependencies = (
			);
			name = Wissen;
			productName = Wissen;
			productReference = 0DD5E92B208D4BE2009FD06B /* Wissen.app */;
			productType = "com.apple.product-type.application";
		};
		0DD5E93E208D4BE4009FD06B /* WissenTests */ = {
			isa = PBXNativeTarget;
			buildConfigurationList = 0DD5E956208D4BE4009FD06B /* Build configuration list for PBXNativeTarget "WissenTests" */;
			buildPhases = (
				0DD5E93B208D4BE4009FD06B /* Sources */,
				0DD5E93C208D4BE4009FD06B /* Frameworks */,
				0DD5E93D208D4BE4009FD06B /* Resources */,
			);
			buildRules = (
			);
			dependencies = (
				0DD5E941208D4BE4009FD06B /* PBXTargetDependency */,
			);
			name = WissenTests;
			productName = WissenTests;
			productReference = 0DD5E93F208D4BE4009FD06B /* WissenTests.xctest */;
			productType = "com.apple.product-type.bundle.unit-test";
		};
		0DD5E949208D4BE4009FD06B /* WissenUITests */ = {
			isa = PBXNativeTarget;
			buildConfigurationList = 0DD5E959208D4BE4009FD06B /* Build configuration list for PBXNativeTarget "WissenUITests" */;
			buildPhases = (
				0DD5E946208D4BE4009FD06B /* Sources */,
				0DD5E947208D4BE4009FD06B /* Frameworks */,
				0DD5E948208D4BE4009FD06B /* Resources */,
			);
			buildRules = (
			);
			dependencies = (
				0DD5E94C208D4BE4009FD06B /* PBXTargetDependency */,
			);
			name = WissenUITests;
			productName = WissenUITests;
			productReference = 0DD5E94A208D4BE4009FD06B /* WissenUITests.xctest */;
			productType = "com.apple.product-type.bundle.ui-testing";
		};
/* End PBXNativeTarget section */

/* Begin PBXProject section */
		0DD5E923208D4BE2009FD06B /* Project object */ = {
			isa = PBXProject;
			attributes = {
				LastSwiftUpdateCheck = 0930;
				LastUpgradeCheck = 0930;
				ORGANIZATIONNAME = "Isaac Almanza";
				TargetAttributes = {
					0DD5E92A208D4BE2009FD06B = {
						CreatedOnToolsVersion = 9.3;
						SystemCapabilities = {
							com.apple.Push = {
								enabled = 1;
							};
							com.apple.iCloud = {
								enabled = 1;
							};
						};
					};
					0DD5E93E208D4BE4009FD06B = {
						CreatedOnToolsVersion = 9.3;
						TestTargetID = 0DD5E92A208D4BE2009FD06B;
					};
					0DD5E949208D4BE4009FD06B = {
						CreatedOnToolsVersion = 9.3;
						TestTargetID = 0DD5E92A208D4BE2009FD06B;
					};
				};
			};
			buildConfigurationList = 0DD5E926208D4BE2009FD06B /* Build configuration list for PBXProject "Wissen" */;
			compatibilityVersion = "Xcode 9.3";
			developmentRegion = en;
			hasScannedForEncodings = 0;
			knownRegions = (
				en,
				Base,
				es,
			);
			mainGroup = 0DD5E922208D4BE2009FD06B;
			productRefGroup = 0DD5E92C208D4BE2009FD06B /* Products */;
			projectDirPath = "";
			projectRoot = "";
			targets = (
				0DD5E92A208D4BE2009FD06B /* Wissen */,
				0DD5E93E208D4BE4009FD06B /* WissenTests */,
				0DD5E949208D4BE4009FD06B /* WissenUITests */,
			);
		};
/* End PBXProject section */

/* Begin PBXResourcesBuildPhase section */
		0DD5E929208D4BE2009FD06B /* Resources */ = {
			isa = PBXResourcesBuildPhase;
			buildActionMask = 2147483647;
			files = (
				0DD5E939208D4BE3009FD06B /* LaunchScreen.storyboard in Resources */,
				0DD4FB9020917C8000402CA3 /* BookCollectionViewCell.xib in Resources */,
				0D37DE0E20960C02006EBFBF /* Tiempo-Italic.ttf in Resources */,
				0D37DE0C20960C02006EBFBF /* Tiempo-Bold.ttf in Resources */,
				0D37DE0D20960C02006EBFBF /* Tiempo-Bold-Italic.ttf in Resources */,
				0DCA811822234F8900BBFCB9 /* Slide.xib in Resources */,
				0DD5E936208D4BE3009FD06B /* Assets.xcassets in Resources */,
				0D37DE0F20960C02006EBFBF /* Tiempo-Regular.ttf in Resources */,
				0D07C5BF2285CB1F002C85C2 /* GoogleService-Info.plist in Resources */,
				0DBF7F852097FA3B00030F84 /* TopBarNav.xib in Resources */,
				0DD5E934208D4BE2009FD06B /* Main.storyboard in Resources */,
			);
			runOnlyForDeploymentPostprocessing = 0;
		};
		0DD5E93D208D4BE4009FD06B /* Resources */ = {
			isa = PBXResourcesBuildPhase;
			buildActionMask = 2147483647;
			files = (
			);
			runOnlyForDeploymentPostprocessing = 0;
		};
		0DD5E948208D4BE4009FD06B /* Resources */ = {
			isa = PBXResourcesBuildPhase;
			buildActionMask = 2147483647;
			files = (
			);
			runOnlyForDeploymentPostprocessing = 0;
		};
/* End PBXResourcesBuildPhase section */

/* Begin PBXShellScriptBuildPhase section */
		0D628AA520D2EA040095C198 /* ShellScript */ = {
			isa = PBXShellScriptBuildPhase;
			buildActionMask = 2147483647;
			files = (
			);
			inputPaths = (
			);
			outputPaths = (
			);
			runOnlyForDeploymentPostprocessing = 0;
			shellPath = /bin/sh;
			shellScript = "\"${PODS_ROOT}/Fabric/run\" 3cb5c16e4613eb689304ca9917343cd051ae416e a6d70a7856f6b86691c1d822f9d1017dbe2ea2b9476e18c72aa7fe6013b357ff\n";
		};
		864793B2382F541265036B0F /* [CP] Embed Pods Frameworks */ = {
			isa = PBXShellScriptBuildPhase;
			buildActionMask = 2147483647;
			files = (
			);
			inputPaths = (
				"${SRCROOT}/Pods/Target Support Files/Pods-Wissen/Pods-Wissen-frameworks.sh",
				"${BUILT_PRODUCTS_DIR}/Alamofire/Alamofire.framework",
				"${BUILT_PRODUCTS_DIR}/AlamofireImage/AlamofireImage.framework",
				"${BUILT_PRODUCTS_DIR}/CrossroadRegex/Regex.framework",
				"${BUILT_PRODUCTS_DIR}/Drift/Drift.framework",
				"${BUILT_PRODUCTS_DIR}/Mixpanel-swift/Mixpanel.framework",
				"${BUILT_PRODUCTS_DIR}/ObjectMapper/ObjectMapper.framework",
				"${BUILT_PRODUCTS_DIR}/Realm/Realm.framework",
				"${BUILT_PRODUCTS_DIR}/RealmS/RealmS.framework",
				"${BUILT_PRODUCTS_DIR}/RealmSwift/RealmSwift.framework",
				"${BUILT_PRODUCTS_DIR}/SVProgressHUD/SVProgressHUD.framework",
				"${BUILT_PRODUCTS_DIR}/Starscream/Starscream.framework",
				"${BUILT_PRODUCTS_DIR}/SwiftRichString/SwiftRichString.framework",
				"${BUILT_PRODUCTS_DIR}/SwiftyAttributes/SwiftyAttributes.framework",
				"${BUILT_PRODUCTS_DIR}/SwiftyMarkdown/SwiftyMarkdown.framework",
			);
			name = "[CP] Embed Pods Frameworks";
			outputPaths = (
				"${TARGET_BUILD_DIR}/${FRAMEWORKS_FOLDER_PATH}/Alamofire.framework",
				"${TARGET_BUILD_DIR}/${FRAMEWORKS_FOLDER_PATH}/AlamofireImage.framework",
				"${TARGET_BUILD_DIR}/${FRAMEWORKS_FOLDER_PATH}/Regex.framework",
				"${TARGET_BUILD_DIR}/${FRAMEWORKS_FOLDER_PATH}/Drift.framework",
				"${TARGET_BUILD_DIR}/${FRAMEWORKS_FOLDER_PATH}/Mixpanel.framework",
				"${TARGET_BUILD_DIR}/${FRAMEWORKS_FOLDER_PATH}/ObjectMapper.framework",
				"${TARGET_BUILD_DIR}/${FRAMEWORKS_FOLDER_PATH}/Realm.framework",
				"${TARGET_BUILD_DIR}/${FRAMEWORKS_FOLDER_PATH}/RealmS.framework",
				"${TARGET_BUILD_DIR}/${FRAMEWORKS_FOLDER_PATH}/RealmSwift.framework",
				"${TARGET_BUILD_DIR}/${FRAMEWORKS_FOLDER_PATH}/SVProgressHUD.framework",
				"${TARGET_BUILD_DIR}/${FRAMEWORKS_FOLDER_PATH}/Starscream.framework",
				"${TARGET_BUILD_DIR}/${FRAMEWORKS_FOLDER_PATH}/SwiftRichString.framework",
				"${TARGET_BUILD_DIR}/${FRAMEWORKS_FOLDER_PATH}/SwiftyAttributes.framework",
				"${TARGET_BUILD_DIR}/${FRAMEWORKS_FOLDER_PATH}/SwiftyMarkdown.framework",
			);
			runOnlyForDeploymentPostprocessing = 0;
			shellPath = /bin/sh;
			shellScript = "\"${SRCROOT}/Pods/Target Support Files/Pods-Wissen/Pods-Wissen-frameworks.sh\"\n";
			showEnvVarsInLog = 0;
		};
		E2CB45982DD6F9A9272860EA /* [CP] Check Pods Manifest.lock */ = {
			isa = PBXShellScriptBuildPhase;
			buildActionMask = 2147483647;
			files = (
			);
			inputPaths = (
				"${PODS_PODFILE_DIR_PATH}/Podfile.lock",
				"${PODS_ROOT}/Manifest.lock",
			);
			name = "[CP] Check Pods Manifest.lock";
			outputPaths = (
				"$(DERIVED_FILE_DIR)/Pods-Wissen-checkManifestLockResult.txt",
			);
			runOnlyForDeploymentPostprocessing = 0;
			shellPath = /bin/sh;
			shellScript = "diff \"${PODS_PODFILE_DIR_PATH}/Podfile.lock\" \"${PODS_ROOT}/Manifest.lock\" > /dev/null\nif [ $? != 0 ] ; then\n    # print error to STDERR\n    echo \"error: The sandbox is not in sync with the Podfile.lock. Run 'pod install' or update your CocoaPods installation.\" >&2\n    exit 1\nfi\n# This output is used by Xcode 'outputs' to avoid re-running this script phase.\necho \"SUCCESS\" > \"${SCRIPT_OUTPUT_FILE_0}\"\n";
			showEnvVarsInLog = 0;
		};
/* End PBXShellScriptBuildPhase section */

/* Begin PBXSourcesBuildPhase section */
		0DD5E927208D4BE2009FD06B /* Sources */ = {
			isa = PBXSourcesBuildPhase;
			buildActionMask = 2147483647;
			files = (
				0DF76F7A208D948B00E869AD /* SearchVC.swift in Sources */,
				0DD5E95D208D4C1B009FD06B /* ConverterService.swift in Sources */,
				0D37DE02209568E7006EBFBF /* String.swift in Sources */,
				0D20A0E820ACB592008556C8 /* SwiftiCloudTest.swift in Sources */,
				0DA5719A22822215007FC84C /* QuoteImage.swift in Sources */,
				0DC6B2CA208D4F0E002D536D /* Constants.swift in Sources */,
				0DCA811422234EA000BBFCB9 /* OnboardingVC.swift in Sources */,
				0DCA811022230F3F00BBFCB9 /* LoginVC.swift in Sources */,
				0DD4FB8F20917C8000402CA3 /* BookCollectionViewCell.swift in Sources */,
				0DEB2C3C208EB74D00031C91 /* BaseVC.swift in Sources */,
				0DEB2C45208EB91400031C91 /* AuthCoordinatorProtocol.swift in Sources */,
				0DF76F78208D5F9D00E869AD /* Font.swift in Sources */,
				0DEB2C47208EBA1100031C91 /* BaseViewModel.swift in Sources */,
				0DEB2C43208EB88B00031C91 /* Coordinator.swift in Sources */,
				0DEB2C4D208EC72B00031C91 /* BaseService.swift in Sources */,
				0DC0B1C420919884008071CE /* Object.swift in Sources */,
				0DEB2C49208EBC1E00031C91 /* HomeViewModel.swift in Sources */,
				0DEB2C4B208EBF3A00031C91 /* ParserViewModel.swift in Sources */,
				0DEB2C3E208EB7C100031C91 /* AppCoordinator.swift in Sources */,
				0DA5719C228228AF007FC84C /* PdfParser.swift in Sources */,
				0DDD4BBA20CF096C00E2E3C6 /* Encoder.swift in Sources */,
				0DA5719822821E2A007FC84C /* FolioReaderKit.swift in Sources */,
				0DC8472420B0B4FB001445B9 /* Toast.swift in Sources */,
				0DD5E931208D4BE2009FD06B /* ParserVC.swift in Sources */,
				0DEB2C41208EB85400031C91 /* AppCoordinatorProtocol.swift in Sources */,
				0DD4FB8920917B3C00402CA3 /* BookCollectionAdapter.swift in Sources */,
				0DCA811622234F6C00BBFCB9 /* Slide.swift in Sources */,
				0DD5E92F208D4BE2009FD06B /* AppDelegate.swift in Sources */,
				0DBF7F892097FE5E00030F84 /* CustomView.swift in Sources */,
				0DC0B1C820919C97008071CE /* DecodableItem.swift in Sources */,
				0DC0B1C22091826B008071CE /* DBManager.swift in Sources */,
				0DD4FB8C20917B7700402CA3 /* Book.swift in Sources */,
				0DA571922281FA3C007FC84C /* FolioReaderFont.swift in Sources */,
				0DC0B1C620919AB2008071CE /* Parser.swift in Sources */,
				0DA571942281FAC8007FC84C /* Extensions.swift in Sources */,
				0DCA81122223107000BBFCB9 /* SignUpVC.swift in Sources */,
				0DBF7F8B2098017600030F84 /* TopBarNav.swift in Sources */,
				0DA571962281FB04007FC84C /* FolioReaderConfig.swift in Sources */,
			);
			runOnlyForDeploymentPostprocessing = 0;
		};
		0DD5E93B208D4BE4009FD06B /* Sources */ = {
			isa = PBXSourcesBuildPhase;
			buildActionMask = 2147483647;
			files = (
				0DD5E944208D4BE4009FD06B /* WissenTests.swift in Sources */,
			);
			runOnlyForDeploymentPostprocessing = 0;
		};
		0DD5E946208D4BE4009FD06B /* Sources */ = {
			isa = PBXSourcesBuildPhase;
			buildActionMask = 2147483647;
			files = (
				0DD5E94F208D4BE4009FD06B /* WissenUITests.swift in Sources */,
			);
			runOnlyForDeploymentPostprocessing = 0;
		};
/* End PBXSourcesBuildPhase section */

/* Begin PBXTargetDependency section */
		0DD5E941208D4BE4009FD06B /* PBXTargetDependency */ = {
			isa = PBXTargetDependency;
			target = 0DD5E92A208D4BE2009FD06B /* Wissen */;
			targetProxy = 0DD5E940208D4BE4009FD06B /* PBXContainerItemProxy */;
		};
		0DD5E94C208D4BE4009FD06B /* PBXTargetDependency */ = {
			isa = PBXTargetDependency;
			target = 0DD5E92A208D4BE2009FD06B /* Wissen */;
			targetProxy = 0DD5E94B208D4BE4009FD06B /* PBXContainerItemProxy */;
		};
/* End PBXTargetDependency section */

/* Begin PBXVariantGroup section */
		0DD5E932208D4BE2009FD06B /* Main.storyboard */ = {
			isa = PBXVariantGroup;
			children = (
				0DD5E933208D4BE2009FD06B /* Base */,
				0D363D9A226ECBF6009B3959 /* es */,
			);
			name = Main.storyboard;
			sourceTree = "<group>";
		};
		0DD5E937208D4BE3009FD06B /* LaunchScreen.storyboard */ = {
			isa = PBXVariantGroup;
			children = (
				0DD5E938208D4BE3009FD06B /* Base */,
				0D363D9B226ECBF6009B3959 /* es */,
			);
			name = LaunchScreen.storyboard;
			sourceTree = "<group>";
		};
/* End PBXVariantGroup section */

/* Begin XCBuildConfiguration section */
		0DD5E951208D4BE4009FD06B /* Debug */ = {
			isa = XCBuildConfiguration;
			buildSettings = {
				ALWAYS_SEARCH_USER_PATHS = NO;
				CLANG_ANALYZER_LOCALIZABILITY_NONLOCALIZED = YES;
				CLANG_ANALYZER_NONNULL = YES;
				CLANG_ANALYZER_NUMBER_OBJECT_CONVERSION = YES_AGGRESSIVE;
				CLANG_CXX_LANGUAGE_STANDARD = "gnu++14";
				CLANG_CXX_LIBRARY = "libc++";
				CLANG_ENABLE_MODULES = YES;
				CLANG_ENABLE_OBJC_ARC = YES;
				CLANG_ENABLE_OBJC_WEAK = YES;
				CLANG_WARN_BLOCK_CAPTURE_AUTORELEASING = YES;
				CLANG_WARN_BOOL_CONVERSION = YES;
				CLANG_WARN_COMMA = YES;
				CLANG_WARN_CONSTANT_CONVERSION = YES;
				CLANG_WARN_DEPRECATED_OBJC_IMPLEMENTATIONS = YES;
				CLANG_WARN_DIRECT_OBJC_ISA_USAGE = YES_ERROR;
				CLANG_WARN_DOCUMENTATION_COMMENTS = YES;
				CLANG_WARN_EMPTY_BODY = YES;
				CLANG_WARN_ENUM_CONVERSION = YES;
				CLANG_WARN_INFINITE_RECURSION = YES;
				CLANG_WARN_INT_CONVERSION = YES;
				CLANG_WARN_NON_LITERAL_NULL_CONVERSION = YES;
				CLANG_WARN_OBJC_IMPLICIT_RETAIN_SELF = YES;
				CLANG_WARN_OBJC_LITERAL_CONVERSION = YES;
				CLANG_WARN_OBJC_ROOT_CLASS = YES_ERROR;
				CLANG_WARN_RANGE_LOOP_ANALYSIS = YES;
				CLANG_WARN_STRICT_PROTOTYPES = YES;
				CLANG_WARN_SUSPICIOUS_MOVE = YES;
				CLANG_WARN_UNGUARDED_AVAILABILITY = YES_AGGRESSIVE;
				CLANG_WARN_UNREACHABLE_CODE = YES;
				CLANG_WARN__DUPLICATE_METHOD_MATCH = YES;
				CODE_SIGN_IDENTITY = "iPhone Developer";
				COPY_PHASE_STRIP = NO;
				DEBUG_INFORMATION_FORMAT = dwarf;
				ENABLE_STRICT_OBJC_MSGSEND = YES;
				ENABLE_TESTABILITY = YES;
				GCC_C_LANGUAGE_STANDARD = gnu11;
				GCC_DYNAMIC_NO_PIC = NO;
				GCC_NO_COMMON_BLOCKS = YES;
				GCC_OPTIMIZATION_LEVEL = 0;
				GCC_PREPROCESSOR_DEFINITIONS = (
					"DEBUG=1",
					"$(inherited)",
				);
				GCC_WARN_64_TO_32_BIT_CONVERSION = YES;
				GCC_WARN_ABOUT_RETURN_TYPE = YES_ERROR;
				GCC_WARN_UNDECLARED_SELECTOR = YES;
				GCC_WARN_UNINITIALIZED_AUTOS = YES_AGGRESSIVE;
				GCC_WARN_UNUSED_FUNCTION = YES;
				GCC_WARN_UNUSED_VARIABLE = YES;
				IPHONEOS_DEPLOYMENT_TARGET = 11.3;
				MTL_ENABLE_DEBUG_INFO = YES;
				ONLY_ACTIVE_ARCH = YES;
				SDKROOT = iphoneos;
				SWIFT_ACTIVE_COMPILATION_CONDITIONS = DEBUG;
				SWIFT_OPTIMIZATION_LEVEL = "-Onone";
				SWIFT_VERSION = 4.0;
			};
			name = Debug;
		};
		0DD5E952208D4BE4009FD06B /* Release */ = {
			isa = XCBuildConfiguration;
			buildSettings = {
				ALWAYS_SEARCH_USER_PATHS = NO;
				CLANG_ANALYZER_LOCALIZABILITY_NONLOCALIZED = YES;
				CLANG_ANALYZER_NONNULL = YES;
				CLANG_ANALYZER_NUMBER_OBJECT_CONVERSION = YES_AGGRESSIVE;
				CLANG_CXX_LANGUAGE_STANDARD = "gnu++14";
				CLANG_CXX_LIBRARY = "libc++";
				CLANG_ENABLE_MODULES = YES;
				CLANG_ENABLE_OBJC_ARC = YES;
				CLANG_ENABLE_OBJC_WEAK = YES;
				CLANG_WARN_BLOCK_CAPTURE_AUTORELEASING = YES;
				CLANG_WARN_BOOL_CONVERSION = YES;
				CLANG_WARN_COMMA = YES;
				CLANG_WARN_CONSTANT_CONVERSION = YES;
				CLANG_WARN_DEPRECATED_OBJC_IMPLEMENTATIONS = YES;
				CLANG_WARN_DIRECT_OBJC_ISA_USAGE = YES_ERROR;
				CLANG_WARN_DOCUMENTATION_COMMENTS = YES;
				CLANG_WARN_EMPTY_BODY = YES;
				CLANG_WARN_ENUM_CONVERSION = YES;
				CLANG_WARN_INFINITE_RECURSION = YES;
				CLANG_WARN_INT_CONVERSION = YES;
				CLANG_WARN_NON_LITERAL_NULL_CONVERSION = YES;
				CLANG_WARN_OBJC_IMPLICIT_RETAIN_SELF = YES;
				CLANG_WARN_OBJC_LITERAL_CONVERSION = YES;
				CLANG_WARN_OBJC_ROOT_CLASS = YES_ERROR;
				CLANG_WARN_RANGE_LOOP_ANALYSIS = YES;
				CLANG_WARN_STRICT_PROTOTYPES = YES;
				CLANG_WARN_SUSPICIOUS_MOVE = YES;
				CLANG_WARN_UNGUARDED_AVAILABILITY = YES_AGGRESSIVE;
				CLANG_WARN_UNREACHABLE_CODE = YES;
				CLANG_WARN__DUPLICATE_METHOD_MATCH = YES;
				CODE_SIGN_IDENTITY = "iPhone Developer";
				COPY_PHASE_STRIP = NO;
				DEBUG_INFORMATION_FORMAT = "dwarf-with-dsym";
				ENABLE_NS_ASSERTIONS = NO;
				ENABLE_STRICT_OBJC_MSGSEND = YES;
				ENABLE_TESTABILITY = NO;
				GCC_C_LANGUAGE_STANDARD = gnu11;
				GCC_NO_COMMON_BLOCKS = YES;
				GCC_WARN_64_TO_32_BIT_CONVERSION = YES;
				GCC_WARN_ABOUT_RETURN_TYPE = YES_ERROR;
				GCC_WARN_UNDECLARED_SELECTOR = YES;
				GCC_WARN_UNINITIALIZED_AUTOS = YES_AGGRESSIVE;
				GCC_WARN_UNUSED_FUNCTION = YES;
				GCC_WARN_UNUSED_VARIABLE = YES;
				IPHONEOS_DEPLOYMENT_TARGET = 11.3;
				MTL_ENABLE_DEBUG_INFO = NO;
				ONLY_ACTIVE_ARCH = NO;
				SDKROOT = iphoneos;
				SWIFT_COMPILATION_MODE = wholemodule;
				SWIFT_OPTIMIZATION_LEVEL = "-O";
				SWIFT_VERSION = 4.0;
				VALIDATE_PRODUCT = YES;
			};
			name = Release;
		};
		0DD5E954208D4BE4009FD06B /* Debug */ = {
			isa = XCBuildConfiguration;
			baseConfigurationReference = F3F7F8BC3CC73E1AA14B60AB /* Pods-Wissen.debug.xcconfig */;
			buildSettings = {
				ASSETCATALOG_COMPILER_APPICON_NAME = AppIcon;
				CODE_SIGN_ENTITLEMENTS = Wissen/Wissen.entitlements;
				CODE_SIGN_STYLE = Automatic;
				DEVELOPMENT_TEAM = WWJCJL8K6H;
				INFOPLIST_FILE = Wissen/Info.plist;
				IPHONEOS_DEPLOYMENT_TARGET = 11.0;
				LD_RUNPATH_SEARCH_PATHS = (
					"$(inherited)",
					"@executable_path/Frameworks",
				);
				PRODUCT_BUNDLE_IDENTIFIER = com.getwissen.Wissen;
				PRODUCT_NAME = "$(TARGET_NAME)";
				SWIFT_VERSION = 4.0;
				TARGETED_DEVICE_FAMILY = 1;
				VALID_ARCHS = "arm64 arm64e armv7 armv7s armv6";
			};
			name = Debug;
		};
		0DD5E955208D4BE4009FD06B /* Release */ = {
			isa = XCBuildConfiguration;
			baseConfigurationReference = 4A341A5975C18AED6474C0D2 /* Pods-Wissen.release.xcconfig */;
			buildSettings = {
				ASSETCATALOG_COMPILER_APPICON_NAME = AppIcon;
				CODE_SIGN_ENTITLEMENTS = Wissen/Wissen.entitlements;
				CODE_SIGN_STYLE = Automatic;
				DEVELOPMENT_TEAM = WWJCJL8K6H;
				INFOPLIST_FILE = Wissen/Info.plist;
				IPHONEOS_DEPLOYMENT_TARGET = 11.0;
				LD_RUNPATH_SEARCH_PATHS = (
					"$(inherited)",
					"@executable_path/Frameworks",
				);
				PRODUCT_BUNDLE_IDENTIFIER = com.getwissen.Wissen;
				PRODUCT_NAME = "$(TARGET_NAME)";
				SWIFT_VERSION = 4.0;
				TARGETED_DEVICE_FAMILY = 1;
				VALID_ARCHS = "armv6 arm64 arm64e armv7 armv7s";
			};
			name = Release;
		};
		0DD5E957208D4BE4009FD06B /* Debug */ = {
			isa = XCBuildConfiguration;
			buildSettings = {
				ALWAYS_EMBED_SWIFT_STANDARD_LIBRARIES = YES;
				BUNDLE_LOADER = "$(TEST_HOST)";
				CODE_SIGN_STYLE = Automatic;
				DEVELOPMENT_TEAM = WWJCJL8K6H;
				INFOPLIST_FILE = WissenTests/Info.plist;
				LD_RUNPATH_SEARCH_PATHS = (
					"$(inherited)",
					"@executable_path/Frameworks",
					"@loader_path/Frameworks",
				);
				PRODUCT_BUNDLE_IDENTIFIER = com.wissen.WissenTests;
				PRODUCT_NAME = "$(TARGET_NAME)";
				SWIFT_VERSION = 4.0;
				TARGETED_DEVICE_FAMILY = "1,2";
				TEST_HOST = "$(BUILT_PRODUCTS_DIR)/Wissen.app/Wissen";
			};
			name = Debug;
		};
		0DD5E958208D4BE4009FD06B /* Release */ = {
			isa = XCBuildConfiguration;
			buildSettings = {
				ALWAYS_EMBED_SWIFT_STANDARD_LIBRARIES = YES;
				BUNDLE_LOADER = "$(TEST_HOST)";
				CODE_SIGN_STYLE = Automatic;
				DEVELOPMENT_TEAM = WWJCJL8K6H;
				INFOPLIST_FILE = WissenTests/Info.plist;
				LD_RUNPATH_SEARCH_PATHS = (
					"$(inherited)",
					"@executable_path/Frameworks",
					"@loader_path/Frameworks",
				);
				PRODUCT_BUNDLE_IDENTIFIER = com.wissen.WissenTests;
				PRODUCT_NAME = "$(TARGET_NAME)";
				SWIFT_VERSION = 4.0;
				TARGETED_DEVICE_FAMILY = "1,2";
				TEST_HOST = "$(BUILT_PRODUCTS_DIR)/Wissen.app/Wissen";
			};
			name = Release;
		};
		0DD5E95A208D4BE4009FD06B /* Debug */ = {
			isa = XCBuildConfiguration;
			buildSettings = {
				ALWAYS_EMBED_SWIFT_STANDARD_LIBRARIES = YES;
				CODE_SIGN_STYLE = Automatic;
				DEVELOPMENT_TEAM = WWJCJL8K6H;
				INFOPLIST_FILE = WissenUITests/Info.plist;
				LD_RUNPATH_SEARCH_PATHS = (
					"$(inherited)",
					"@executable_path/Frameworks",
					"@loader_path/Frameworks",
				);
				PRODUCT_BUNDLE_IDENTIFIER = com.wissen.WissenUITests;
				PRODUCT_NAME = "$(TARGET_NAME)";
				SWIFT_VERSION = 4.0;
				TARGETED_DEVICE_FAMILY = "1,2";
				TEST_TARGET_NAME = Wissen;
			};
			name = Debug;
		};
		0DD5E95B208D4BE4009FD06B /* Release */ = {
			isa = XCBuildConfiguration;
			buildSettings = {
				ALWAYS_EMBED_SWIFT_STANDARD_LIBRARIES = YES;
				CODE_SIGN_STYLE = Automatic;
				DEVELOPMENT_TEAM = WWJCJL8K6H;
				INFOPLIST_FILE = WissenUITests/Info.plist;
				LD_RUNPATH_SEARCH_PATHS = (
					"$(inherited)",
					"@executable_path/Frameworks",
					"@loader_path/Frameworks",
				);
				PRODUCT_BUNDLE_IDENTIFIER = com.wissen.WissenUITests;
				PRODUCT_NAME = "$(TARGET_NAME)";
				SWIFT_VERSION = 4.0;
				TARGETED_DEVICE_FAMILY = "1,2";
				TEST_TARGET_NAME = Wissen;
			};
			name = Release;
		};
/* End XCBuildConfiguration section */

/* Begin XCConfigurationList section */
		0DD5E926208D4BE2009FD06B /* Build configuration list for PBXProject "Wissen" */ = {
			isa = XCConfigurationList;
			buildConfigurations = (
				0DD5E951208D4BE4009FD06B /* Debug */,
				0DD5E952208D4BE4009FD06B /* Release */,
			);
			defaultConfigurationIsVisible = 0;
			defaultConfigurationName = Release;
		};
		0DD5E953208D4BE4009FD06B /* Build configuration list for PBXNativeTarget "Wissen" */ = {
			isa = XCConfigurationList;
			buildConfigurations = (
				0DD5E954208D4BE4009FD06B /* Debug */,
				0DD5E955208D4BE4009FD06B /* Release */,
			);
			defaultConfigurationIsVisible = 0;
			defaultConfigurationName = Release;
		};
		0DD5E956208D4BE4009FD06B /* Build configuration list for PBXNativeTarget "WissenTests" */ = {
			isa = XCConfigurationList;
			buildConfigurations = (
				0DD5E957208D4BE4009FD06B /* Debug */,
				0DD5E958208D4BE4009FD06B /* Release */,
			);
			defaultConfigurationIsVisible = 0;
			defaultConfigurationName = Release;
		};
		0DD5E959208D4BE4009FD06B /* Build configuration list for PBXNativeTarget "WissenUITests" */ = {
			isa = XCConfigurationList;
			buildConfigurations = (
				0DD5E95A208D4BE4009FD06B /* Debug */,
				0DD5E95B208D4BE4009FD06B /* Release */,
			);
			defaultConfigurationIsVisible = 0;
			defaultConfigurationName = Release;
		};
/* End XCConfigurationList section */
	};
	rootObject = 0DD5E923208D4BE2009FD06B /* Project object */;
}
